
Microsoft Visual Studio Solution File, Format Version 12.00
# Visual Studio Version 17
VisualStudioVersion = 17.11.35312.102
MinimumVisualStudioVersion = 10.0.40219.1
Project("{9A19103F-16F7-4668-BE54-9A1E7A4F7556}") = "SMS", "SchoolManagementSystem\SMS.csproj", "{3719E780-EF10-4F34-ABCC-BDFF3A4CFC5B}"
EndProject
Project("{2150E333-8FDC-42A3-9474-1A3956D46DE8}") = "src", "src", "{1BDAD67A-8721-4664-92FF-FA403848C625}"
EndProject
Project("{2150E333-8FDC-42A3-9474-1A3956D46DE8}") = "API", "API", "{A91D5A12-AD2B-4634-98B9-8D6DB44349D1}"
EndProject
Project("{2150E333-8FDC-42A3-9474-1A3956D46DE8}") = "Core", "Core", "{53E60B03-ADE8-4DA2-881B-D58CB429F73A}"
EndProject
Project("{9A19103F-16F7-4668-BE54-9A1E7A4F7556}") = "SMS.Application", "SMS.Application\SMS.Application.csproj", "{34FE22AB-1862-4B61-A680-2A3E51FCE4E5}"
EndProject
Project("{9A19103F-16F7-4668-BE54-9A1E7A4F7556}") = "SMS.Domain", "SMS.Domain\SMS.Domain.csproj", "{ED871C20-76DE-4515-86BD-4B9BD8779907}"
EndProject
Project("{2150E333-8FDC-42A3-9474-1A3956D46DE8}") = "Infrastructure", "Infrastructure", "{C6575F9C-8787-4A7D-A75D-503572B7A8D0}"
EndProject
Project("{9A19103F-16F7-4668-BE54-9A1E7A4F7556}") = "SMS.Helper", "SMS.Helper\SMS.Helper.csproj", "{16C09DC1-4511-4223-883A-61C4FD11E6FE}"
EndProject
Project("{9A19103F-16F7-4668-BE54-9A1E7A4F7556}") = "SMS.Identity", "SMS.Identity\SMS.Identity.csproj", "{CD88224E-0567-4A72-BCDB-C55B000E5454}"
EndProject
Project("{9A19103F-16F7-4668-BE54-9A1E7A4F7556}") = "SMS.Infrastructure", "SMS.Infranstucture\SMS.Infrastructure.csproj", "{3806ED3C-B885-4F53-979B-709F51187A6D}"
EndProject
Project("{2150E333-8FDC-42A3-9474-1A3956D46DE8}") = "Migrators", "Migrators", "{BF86038E-B904-40F3-AE9F-E6D1F8B368F4}"
EndProject
Project("{9A19103F-16F7-4668-BE54-9A1E7A4F7556}") = "SMS.Migrators.PostgreSQL", "SMS.Migrators.PostgreSQL\SMS.Migrators.PostgreSQL.csproj", "{F2727AEC-44E7-43C2-AF3B-D2912C039FDE}"
EndProject
Global
	GlobalSection(SolutionConfigurationPlatforms) = preSolution
		Debug|Any CPU = Debug|Any CPU
		Release|Any CPU = Release|Any CPU
	EndGlobalSection
	GlobalSection(ProjectConfigurationPlatforms) = postSolution
		{3719E780-EF10-4F34-ABCC-BDFF3A4CFC5B}.Debug|Any CPU.ActiveCfg = Debug|Any CPU
		{3719E780-EF10-4F34-ABCC-BDFF3A4CFC5B}.Debug|Any CPU.Build.0 = Debug|Any CPU
		{3719E780-EF10-4F34-ABCC-BDFF3A4CFC5B}.Release|Any CPU.ActiveCfg = Release|Any CPU
		{3719E780-EF10-4F34-ABCC-BDFF3A4CFC5B}.Release|Any CPU.Build.0 = Release|Any CPU
		{34FE22AB-1862-4B61-A680-2A3E51FCE4E5}.Debug|Any CPU.ActiveCfg = Debug|Any CPU
		{34FE22AB-1862-4B61-A680-2A3E51FCE4E5}.Debug|Any CPU.Build.0 = Debug|Any CPU
		{34FE22AB-1862-4B61-A680-2A3E51FCE4E5}.Release|Any CPU.ActiveCfg = Release|Any CPU
		{34FE22AB-1862-4B61-A680-2A3E51FCE4E5}.Release|Any CPU.Build.0 = Release|Any CPU
		{ED871C20-76DE-4515-86BD-4B9BD8779907}.Debug|Any CPU.ActiveCfg = Debug|Any CPU
		{ED871C20-76DE-4515-86BD-4B9BD8779907}.Debug|Any CPU.Build.0 = Debug|Any CPU
		{ED871C20-76DE-4515-86BD-4B9BD8779907}.Release|Any CPU.ActiveCfg = Release|Any CPU
		{ED871C20-76DE-4515-86BD-4B9BD8779907}.Release|Any CPU.Build.0 = Release|Any CPU
		{16C09DC1-4511-4223-883A-61C4FD11E6FE}.Debug|Any CPU.ActiveCfg = Debug|Any CPU
		{16C09DC1-4511-4223-883A-61C4FD11E6FE}.Debug|Any CPU.Build.0 = Debug|Any CPU
		{16C09DC1-4511-4223-883A-61C4FD11E6FE}.Release|Any CPU.ActiveCfg = Release|Any CPU
		{16C09DC1-4511-4223-883A-61C4FD11E6FE}.Release|Any CPU.Build.0 = Release|Any CPU
		{CD88224E-0567-4A72-BCDB-C55B000E5454}.Debug|Any CPU.ActiveCfg = Debug|Any CPU
		{CD88224E-0567-4A72-BCDB-C55B000E5454}.Debug|Any CPU.Build.0 = Debug|Any CPU
		{CD88224E-0567-4A72-BCDB-C55B000E5454}.Release|Any CPU.ActiveCfg = Release|Any CPU
		{CD88224E-0567-4A72-BCDB-C55B000E5454}.Release|Any CPU.Build.0 = Release|Any CPU
		{3806ED3C-B885-4F53-979B-709F51187A6D}.Debug|Any CPU.ActiveCfg = Debug|Any CPU
		{3806ED3C-B885-4F53-979B-709F51187A6D}.Debug|Any CPU.Build.0 = Debug|Any CPU
		{3806ED3C-B885-4F53-979B-709F51187A6D}.Release|Any CPU.ActiveCfg = Release|Any CPU
		{3806ED3C-B885-4F53-979B-709F51187A6D}.Release|Any CPU.Build.0 = Release|Any CPU
		{F2727AEC-44E7-43C2-AF3B-D2912C039FDE}.Debug|Any CPU.ActiveCfg = Debug|Any CPU
		{F2727AEC-44E7-43C2-AF3B-D2912C039FDE}.Debug|Any CPU.Build.0 = Debug|Any CPU
		{F2727AEC-44E7-43C2-AF3B-D2912C039FDE}.Release|Any CPU.ActiveCfg = Release|Any CPU
		{F2727AEC-44E7-43C2-AF3B-D2912C039FDE}.Release|Any CPU.Build.0 = Release|Any CPU
	EndGlobalSection
	GlobalSection(SolutionProperties) = preSolution
		HideSolutionNode = FALSE
	EndGlobalSection
	GlobalSection(NestedProjects) = preSolution
		{3719E780-EF10-4F34-ABCC-BDFF3A4CFC5B} = {A91D5A12-AD2B-4634-98B9-8D6DB44349D1}
		{A91D5A12-AD2B-4634-98B9-8D6DB44349D1} = {1BDAD67A-8721-4664-92FF-FA403848C625}
		{53E60B03-ADE8-4DA2-881B-D58CB429F73A} = {1BDAD67A-8721-4664-92FF-FA403848C625}
		{34FE22AB-1862-4B61-A680-2A3E51FCE4E5} = {53E60B03-ADE8-4DA2-881B-D58CB429F73A}
		{ED871C20-76DE-4515-86BD-4B9BD8779907} = {53E60B03-ADE8-4DA2-881B-D58CB429F73A}
		{C6575F9C-8787-4A7D-A75D-503572B7A8D0} = {1BDAD67A-8721-4664-92FF-FA403848C625}
		{16C09DC1-4511-4223-883A-61C4FD11E6FE} = {C6575F9C-8787-4A7D-A75D-503572B7A8D0}
		{CD88224E-0567-4A72-BCDB-C55B000E5454} = {C6575F9C-8787-4A7D-A75D-503572B7A8D0}
		{3806ED3C-B885-4F53-979B-709F51187A6D} = {C6575F9C-8787-4A7D-A75D-503572B7A8D0}
		{BF86038E-B904-40F3-AE9F-E6D1F8B368F4} = {1BDAD67A-8721-4664-92FF-FA403848C625}
		{F2727AEC-44E7-43C2-AF3B-D2912C039FDE} = {BF86038E-B904-40F3-AE9F-E6D1F8B368F4}
	EndGlobalSection
	GlobalSection(ExtensibilityGlobals) = postSolution
		SolutionGuid = {A07C9C54-EAA8-4DF4-A2C5-86191F498627}
	EndGlobalSection
EndGlobal
